
Microsoft Visual Studio Solution File, Format Version 11.00
# Visual Studio 2010
Project("{FAE04EC0-301F-11D3-BF4B-00C04F79EFBC}") = "Assembly-CSharp", "Assembly-CSharp.csproj", "{CA9C4BE0-BAAE-66BF-3880-ACFE6EEDE9D7}"
EndProject
Project("{FAE04EC0-301F-11D3-BF4B-00C04F79EFBC}") = "Assembly-CSharp-firstpass", "Assembly-CSharp-firstpass.csproj", "{3B08B749-5D9B-B523-B6F4-AC561241C88A}"
EndProject
Project("{FAE04EC0-301F-11D3-BF4B-00C04F79EFBC}") = "Assembly-CSharp-Editor-firstpass", "Assembly-CSharp-Editor-firstpass.csproj", "{233B300E-F3F4-C217-A508-94B2E75E798F}"
EndProject
Global
	GlobalSection(SolutionConfigurationPlatforms) = preSolution
		Debug|Any CPU = Debug|Any CPU
		Release|Any CPU = Release|Any CPU
	EndGlobalSection
	GlobalSection(ProjectConfigurationPlatforms) = postSolution
		{CA9C4BE0-BAAE-66BF-3880-ACFE6EEDE9D7}.Debug|Any CPU.ActiveCfg = Debug|Any CPU
		{CA9C4BE0-BAAE-66BF-3880-ACFE6EEDE9D7}.Debug|Any CPU.Build.0 = Debug|Any CPU
		{CA9C4BE0-BAAE-66BF-3880-ACFE6EEDE9D7}.Release|Any CPU.ActiveCfg = Release|Any CPU
		{CA9C4BE0-BAAE-66BF-3880-ACFE6EEDE9D7}.Release|Any CPU.Build.0 = Release|Any CPU
		{3B08B749-5D9B-B523-B6F4-AC561241C88A}.Debug|Any CPU.ActiveCfg = Debug|Any CPU
		{3B08B749-5D9B-B523-B6F4-AC561241C88A}.Debug|Any CPU.Build.0 = Debug|Any CPU
		{3B08B749-5D9B-B523-B6F4-AC561241C88A}.Release|Any CPU.ActiveCfg = Release|Any CPU
		{3B08B749-5D9B-B523-B6F4-AC561241C88A}.Release|Any CPU.Build.0 = Release|Any CPU
		{233B300E-F3F4-C217-A508-94B2E75E798F}.Debug|Any CPU.ActiveCfg = Debug|Any CPU
		{233B300E-F3F4-C217-A508-94B2E75E798F}.Debug|Any CPU.Build.0 = Debug|Any CPU
		{233B300E-F3F4-C217-A508-94B2E75E798F}.Release|Any CPU.ActiveCfg = Release|Any CPU
		{233B300E-F3F4-C217-A508-94B2E75E798F}.Release|Any CPU.Build.0 = Release|Any CPU
	EndGlobalSection
	GlobalSection(SolutionProperties) = preSolution
		HideSolutionNode = FALSE
	EndGlobalSection
EndGlobal
